
Microsoft Visual Studio Solution File, Format Version 12.00
# Visual Studio 2012
Project("{FAE04EC0-301F-11D3-BF4B-00C04F79EFBC}") = "ImmutableRope", "ImmutableRope\ImmutableRope.csproj", "{AA09407C-7C69-4D76-B248-6EA92F2FA882}"
EndProject
Project("{FAE04EC0-301F-11D3-BF4B-00C04F79EFBC}") = "ImmutableRopeTest", "ImmutableRopeTest\ImmutableRopeTest.csproj", "{2B2AA687-33AB-4847-97C2-F8F37247E85C}"
EndProject
Global
	GlobalSection(SolutionConfigurationPlatforms) = preSolution
		Debug|Any CPU = Debug|Any CPU
		Release|Any CPU = Release|Any CPU
	EndGlobalSection
	GlobalSection(ProjectConfigurationPlatforms) = postSolution
		{AA09407C-7C69-4D76-B248-6EA92F2FA882}.Debug|Any CPU.ActiveCfg = Debug|Any CPU
		{AA09407C-7C69-4D76-B248-6EA92F2FA882}.Debug|Any CPU.Build.0 = Debug|Any CPU
		{AA09407C-7C69-4D76-B248-6EA92F2FA882}.Release|Any CPU.ActiveCfg = Release|Any CPU
		{AA09407C-7C69-4D76-B248-6EA92F2FA882}.Release|Any CPU.Build.0 = Release|Any CPU
		{2B2AA687-33AB-4847-97C2-F8F37247E85C}.Debug|Any CPU.ActiveCfg = Debug|Any CPU
		{2B2AA687-33AB-4847-97C2-F8F37247E85C}.Debug|Any CPU.Build.0 = Debug|Any CPU
		{2B2AA687-33AB-4847-97C2-F8F37247E85C}.Release|Any CPU.ActiveCfg = Release|Any CPU
		{2B2AA687-33AB-4847-97C2-F8F37247E85C}.Release|Any CPU.Build.0 = Release|Any CPU
	EndGlobalSection
	GlobalSection(SolutionProperties) = preSolution
		HideSolutionNode = FALSE
	EndGlobalSection
EndGlobal
